
Microsoft Visual Studio Solution File, Format Version 12.00
# Visual Studio Version 16
VisualStudioVersion = 16.0.31205.134
MinimumVisualStudioVersion = 10.0.40219.1
Project("{FAE04EC0-301F-11D3-BF4B-00C04F79EFBC}") = "MainApp", "MainApp\MainApp.csproj", "{32CA2451-C4CA-4052-BCEC-E584698322CC}"
EndProject
Global
	GlobalSection(SolutionConfigurationPlatforms) = preSolution
		Debug|Any CPU = Debug|Any CPU
		Release|Any CPU = Release|Any CPU
	EndGlobalSection
	GlobalSection(ProjectConfigurationPlatforms) = postSolution
		{32CA2451-C4CA-4052-BCEC-E584698322CC}.Debug|Any CPU.ActiveCfg = Debug|Any CPU
		{32CA2451-C4CA-4052-BCEC-E584698322CC}.Debug|Any CPU.Build.0 = Debug|Any CPU
		{32CA2451-C4CA-4052-BCEC-E584698322CC}.Release|Any CPU.ActiveCfg = Release|Any CPU
		{32CA2451-C4CA-4052-BCEC-E584698322CC}.Release|Any CPU.Build.0 = Release|Any CPU
	EndGlobalSection
	GlobalSection(SolutionProperties) = preSolution
		HideSolutionNode = FALSE
	EndGlobalSection
	GlobalSection(ExtensibilityGlobals) = postSolution
		SolutionGuid = {9A7B6763-46A4-45C7-8CF2-F414776A99EB}
	EndGlobalSection
EndGlobal
